
Microsoft Visual Studio Solution File, Format Version 12.00
# Visual Studio Version 16
VisualStudioVersion = 16.0.30503.244
MinimumVisualStudioVersion = 10.0.40219.1
Project("{2150E333-8FDC-42A3-9474-1A3956D46DE8}") = "src", "src", "{418F8FF0-3921-44E9-97C5-F8768B6E71E9}"
EndProject
Project("{2150E333-8FDC-42A3-9474-1A3956D46DE8}") = "Catalog", "Catalog", "{984A9ADF-42E3-4E80-996E-E2A313CD3E12}"
EndProject
Project("{9A19103F-16F7-4668-BE54-9A1E7A4F7556}") = "Catalog.API", "src\Catalog\Catalog.API\Catalog.API.csproj", "{AB20B224-C620-429E-A6F9-4E1A3586111B}"
EndProject
Project("{E53339B2-1760-4266-BCC7-CA923CBCF16C}") = "docker-compose", "docker-compose.dcproj", "{2EF40FAF-FA71-4E86-915F-ADD569C053C1}"
EndProject
Project("{2150E333-8FDC-42A3-9474-1A3956D46DE8}") = "Basket", "Basket", "{E455146E-9F9E-4073-A0DD-4AA2BCCAEA9E}"
EndProject
Project("{9A19103F-16F7-4668-BE54-9A1E7A4F7556}") = "Basket.API", "src\Basket\Basket.API\Basket.API.csproj", "{61C29938-E0E6-491E-BA99-A80DAB2A1D50}"
EndProject
Project("{2150E333-8FDC-42A3-9474-1A3956D46DE8}") = "Common", "Common", "{7B76093C-8024-4FFE-A146-1C49AC5116C4}"
EndProject
Project("{9A19103F-16F7-4668-BE54-9A1E7A4F7556}") = "EventBusRabbitMQ", "src\Common\EventBusRabbitMQ\EventBusRabbitMQ.csproj", "{390EF884-0A69-4173-BD91-7BBDF4039617}"
EndProject
Project("{2150E333-8FDC-42A3-9474-1A3956D46DE8}") = "Ordering", "Ordering", "{82B7B12B-2579-4C8E-AFD9-6E6EC89B8B5A}"
EndProject
Project("{9A19103F-16F7-4668-BE54-9A1E7A4F7556}") = "Ordering.API", "src\Ordering\Ordering.API\Ordering.API.csproj", "{F7353199-313D-4134-8B5F-BB2BAE3EE440}"
EndProject
Project("{9A19103F-16F7-4668-BE54-9A1E7A4F7556}") = "Ordering.Application", "src\Ordering\Ordering.Application\Ordering.Application.csproj", "{0D2A9F06-BA8D-490F-9375-D1C383B3D901}"
EndProject
Project("{9A19103F-16F7-4668-BE54-9A1E7A4F7556}") = "Ordering.Domain", "src\Ordering\Ordering.Domain\Ordering.Domain.csproj", "{145E04D9-1A5A-460D-803D-0D0F8F5C2C07}"
EndProject
Project("{9A19103F-16F7-4668-BE54-9A1E7A4F7556}") = "Ordering.Infrastructure", "src\Ordering\Ordering.Infrastructure\Ordering.Infrastructure.csproj", "{8DE72DA3-A952-4A2D-9621-009DBE886686}"
EndProject
Project("{2150E333-8FDC-42A3-9474-1A3956D46DE8}") = "Discount", "Discount", "{8AE0B823-C5BF-4D2B-86A4-08B67CE1A7F1}"
EndProject
Project("{9A19103F-16F7-4668-BE54-9A1E7A4F7556}") = "Discount.API", "src\Discount\Discount.API\Discount.API.csproj", "{930974CD-0272-4F29-BB12-E7B836D4F79B}"
EndProject
Project("{2150E333-8FDC-42A3-9474-1A3956D46DE8}") = "Services", "Services", "{3CE02A8F-ED50-4318-9CD9-462B417C44A2}"
EndProject
Project("{2150E333-8FDC-42A3-9474-1A3956D46DE8}") = "WebApps", "WebApps", "{58266333-A6CA-4436-8784-8ED7FD483E80}"
EndProject
Project("{2150E333-8FDC-42A3-9474-1A3956D46DE8}") = "ApiGateways", "ApiGateways", "{CBC94945-39F1-4A05-9383-7D51E2266EAF}"
EndProject
Project("{FAE04EC0-301F-11D3-BF4B-00C04F79EFBC}") = "OcelotApiGw", "src\ApiGateways\OcelotApiGw\OcelotApiGw.csproj", "{9D71968A-DA1E-405A-A40E-172ECA20C272}"
EndProject
Project("{FAE04EC0-301F-11D3-BF4B-00C04F79EFBC}") = "Web.MVC", "src\WebApps\Web.MVC\Web.MVC.csproj", "{9BC21FAF-2A13-4C27-A727-F8B60532AF73}"
EndProject
Project("{FAE04EC0-301F-11D3-BF4B-00C04F79EFBC}") = "WebApplication1", "src\WebApps\web\WebApplication1\WebApplication1.csproj", "{94B359AD-3AE5-49E7-AB63-7B16FB7BECED}"
EndProject
Global
	GlobalSection(SolutionConfigurationPlatforms) = preSolution
		Debug|Any CPU = Debug|Any CPU
		Release|Any CPU = Release|Any CPU
	EndGlobalSection
	GlobalSection(ProjectConfigurationPlatforms) = postSolution
		{AB20B224-C620-429E-A6F9-4E1A3586111B}.Debug|Any CPU.ActiveCfg = Debug|Any CPU
		{AB20B224-C620-429E-A6F9-4E1A3586111B}.Debug|Any CPU.Build.0 = Debug|Any CPU
		{AB20B224-C620-429E-A6F9-4E1A3586111B}.Release|Any CPU.ActiveCfg = Release|Any CPU
		{AB20B224-C620-429E-A6F9-4E1A3586111B}.Release|Any CPU.Build.0 = Release|Any CPU
		{2EF40FAF-FA71-4E86-915F-ADD569C053C1}.Debug|Any CPU.ActiveCfg = Debug|Any CPU
		{2EF40FAF-FA71-4E86-915F-ADD569C053C1}.Debug|Any CPU.Build.0 = Debug|Any CPU
		{2EF40FAF-FA71-4E86-915F-ADD569C053C1}.Release|Any CPU.ActiveCfg = Release|Any CPU
		{2EF40FAF-FA71-4E86-915F-ADD569C053C1}.Release|Any CPU.Build.0 = Release|Any CPU
		{61C29938-E0E6-491E-BA99-A80DAB2A1D50}.Debug|Any CPU.ActiveCfg = Debug|Any CPU
		{61C29938-E0E6-491E-BA99-A80DAB2A1D50}.Debug|Any CPU.Build.0 = Debug|Any CPU
		{61C29938-E0E6-491E-BA99-A80DAB2A1D50}.Release|Any CPU.ActiveCfg = Release|Any CPU
		{61C29938-E0E6-491E-BA99-A80DAB2A1D50}.Release|Any CPU.Build.0 = Release|Any CPU
		{390EF884-0A69-4173-BD91-7BBDF4039617}.Debug|Any CPU.ActiveCfg = Debug|Any CPU
		{390EF884-0A69-4173-BD91-7BBDF4039617}.Debug|Any CPU.Build.0 = Debug|Any CPU
		{390EF884-0A69-4173-BD91-7BBDF4039617}.Release|Any CPU.ActiveCfg = Release|Any CPU
		{390EF884-0A69-4173-BD91-7BBDF4039617}.Release|Any CPU.Build.0 = Release|Any CPU
		{F7353199-313D-4134-8B5F-BB2BAE3EE440}.Debug|Any CPU.ActiveCfg = Debug|Any CPU
		{F7353199-313D-4134-8B5F-BB2BAE3EE440}.Debug|Any CPU.Build.0 = Debug|Any CPU
		{F7353199-313D-4134-8B5F-BB2BAE3EE440}.Release|Any CPU.ActiveCfg = Release|Any CPU
		{F7353199-313D-4134-8B5F-BB2BAE3EE440}.Release|Any CPU.Build.0 = Release|Any CPU
		{0D2A9F06-BA8D-490F-9375-D1C383B3D901}.Debug|Any CPU.ActiveCfg = Debug|Any CPU
		{0D2A9F06-BA8D-490F-9375-D1C383B3D901}.Debug|Any CPU.Build.0 = Debug|Any CPU
		{0D2A9F06-BA8D-490F-9375-D1C383B3D901}.Release|Any CPU.ActiveCfg = Release|Any CPU
		{0D2A9F06-BA8D-490F-9375-D1C383B3D901}.Release|Any CPU.Build.0 = Release|Any CPU
		{145E04D9-1A5A-460D-803D-0D0F8F5C2C07}.Debug|Any CPU.ActiveCfg = Debug|Any CPU
		{145E04D9-1A5A-460D-803D-0D0F8F5C2C07}.Debug|Any CPU.Build.0 = Debug|Any CPU
		{145E04D9-1A5A-460D-803D-0D0F8F5C2C07}.Release|Any CPU.ActiveCfg = Release|Any CPU
		{145E04D9-1A5A-460D-803D-0D0F8F5C2C07}.Release|Any CPU.Build.0 = Release|Any CPU
		{8DE72DA3-A952-4A2D-9621-009DBE886686}.Debug|Any CPU.ActiveCfg = Debug|Any CPU
		{8DE72DA3-A952-4A2D-9621-009DBE886686}.Debug|Any CPU.Build.0 = Debug|Any CPU
		{8DE72DA3-A952-4A2D-9621-009DBE886686}.Release|Any CPU.ActiveCfg = Release|Any CPU
		{8DE72DA3-A952-4A2D-9621-009DBE886686}.Release|Any CPU.Build.0 = Release|Any CPU
		{930974CD-0272-4F29-BB12-E7B836D4F79B}.Debug|Any CPU.ActiveCfg = Debug|Any CPU
		{930974CD-0272-4F29-BB12-E7B836D4F79B}.Debug|Any CPU.Build.0 = Debug|Any CPU
		{930974CD-0272-4F29-BB12-E7B836D4F79B}.Release|Any CPU.ActiveCfg = Release|Any CPU
		{930974CD-0272-4F29-BB12-E7B836D4F79B}.Release|Any CPU.Build.0 = Release|Any CPU
		{9D71968A-DA1E-405A-A40E-172ECA20C272}.Debug|Any CPU.ActiveCfg = Debug|Any CPU
		{9D71968A-DA1E-405A-A40E-172ECA20C272}.Debug|Any CPU.Build.0 = Debug|Any CPU
		{9D71968A-DA1E-405A-A40E-172ECA20C272}.Release|Any CPU.ActiveCfg = Release|Any CPU
		{9D71968A-DA1E-405A-A40E-172ECA20C272}.Release|Any CPU.Build.0 = Release|Any CPU
		{9BC21FAF-2A13-4C27-A727-F8B60532AF73}.Debug|Any CPU.ActiveCfg = Debug|Any CPU
		{9BC21FAF-2A13-4C27-A727-F8B60532AF73}.Debug|Any CPU.Build.0 = Debug|Any CPU
		{9BC21FAF-2A13-4C27-A727-F8B60532AF73}.Release|Any CPU.ActiveCfg = Release|Any CPU
		{9BC21FAF-2A13-4C27-A727-F8B60532AF73}.Release|Any CPU.Build.0 = Release|Any CPU
		{94B359AD-3AE5-49E7-AB63-7B16FB7BECED}.Debug|Any CPU.ActiveCfg = Debug|Any CPU
		{94B359AD-3AE5-49E7-AB63-7B16FB7BECED}.Debug|Any CPU.Build.0 = Debug|Any CPU
		{94B359AD-3AE5-49E7-AB63-7B16FB7BECED}.Release|Any CPU.ActiveCfg = Release|Any CPU
		{94B359AD-3AE5-49E7-AB63-7B16FB7BECED}.Release|Any CPU.Build.0 = Release|Any CPU
	EndGlobalSection
	GlobalSection(SolutionProperties) = preSolution
		HideSolutionNode = FALSE
	EndGlobalSection
	GlobalSection(NestedProjects) = preSolution
		{984A9ADF-42E3-4E80-996E-E2A313CD3E12} = {3CE02A8F-ED50-4318-9CD9-462B417C44A2}
		{AB20B224-C620-429E-A6F9-4E1A3586111B} = {984A9ADF-42E3-4E80-996E-E2A313CD3E12}
		{E455146E-9F9E-4073-A0DD-4AA2BCCAEA9E} = {3CE02A8F-ED50-4318-9CD9-462B417C44A2}
		{61C29938-E0E6-491E-BA99-A80DAB2A1D50} = {E455146E-9F9E-4073-A0DD-4AA2BCCAEA9E}
		{7B76093C-8024-4FFE-A146-1C49AC5116C4} = {418F8FF0-3921-44E9-97C5-F8768B6E71E9}
		{390EF884-0A69-4173-BD91-7BBDF4039617} = {7B76093C-8024-4FFE-A146-1C49AC5116C4}
		{82B7B12B-2579-4C8E-AFD9-6E6EC89B8B5A} = {3CE02A8F-ED50-4318-9CD9-462B417C44A2}
		{F7353199-313D-4134-8B5F-BB2BAE3EE440} = {82B7B12B-2579-4C8E-AFD9-6E6EC89B8B5A}
		{0D2A9F06-BA8D-490F-9375-D1C383B3D901} = {82B7B12B-2579-4C8E-AFD9-6E6EC89B8B5A}
		{145E04D9-1A5A-460D-803D-0D0F8F5C2C07} = {82B7B12B-2579-4C8E-AFD9-6E6EC89B8B5A}
		{8DE72DA3-A952-4A2D-9621-009DBE886686} = {82B7B12B-2579-4C8E-AFD9-6E6EC89B8B5A}
		{8AE0B823-C5BF-4D2B-86A4-08B67CE1A7F1} = {3CE02A8F-ED50-4318-9CD9-462B417C44A2}
		{930974CD-0272-4F29-BB12-E7B836D4F79B} = {8AE0B823-C5BF-4D2B-86A4-08B67CE1A7F1}
		{3CE02A8F-ED50-4318-9CD9-462B417C44A2} = {418F8FF0-3921-44E9-97C5-F8768B6E71E9}
		{58266333-A6CA-4436-8784-8ED7FD483E80} = {418F8FF0-3921-44E9-97C5-F8768B6E71E9}
		{CBC94945-39F1-4A05-9383-7D51E2266EAF} = {418F8FF0-3921-44E9-97C5-F8768B6E71E9}
		{9D71968A-DA1E-405A-A40E-172ECA20C272} = {CBC94945-39F1-4A05-9383-7D51E2266EAF}
		{9BC21FAF-2A13-4C27-A727-F8B60532AF73} = {58266333-A6CA-4436-8784-8ED7FD483E80}
		{94B359AD-3AE5-49E7-AB63-7B16FB7BECED} = {58266333-A6CA-4436-8784-8ED7FD483E80}
	EndGlobalSection
	GlobalSection(ExtensibilityGlobals) = postSolution
		SolutionGuid = {5D13C320-9667-4295-90BA-8B981EBA11C2}
	EndGlobalSection
EndGlobal
